{
  "name": "video_subtitle",
  "lockfileVersion": 3,
  "requires": true,
  "packages": {
    "": {
      "dependencies": {
        "fix-webm-duration": "^1.0.6"
      }
    },
    "node_modules/fix-webm-duration": {
      "version": "1.0.6",
      "resolved": "https://bnpm.byted.org/fix-webm-duration/-/fix-webm-duration-1.0.6.tgz",
      "integrity": "sha512-zVAqi4gE+8ywxJuAyV/rlJVX6CMtvyapEbQx6jyoeX9TMjdqAlt/FdG5d7rXSSkDVzTvS0H7CtwzHcH/vh4FPA==",
      "license": "MIT"
    }
  }
}
